{
  "lockfile_version": "1",
  "packages": {
    "github:NixOS/nixpkgs/nixpkgs-unstable": {
      "last_modified": "2025-10-23T16:27:14Z",
      "resolved": "github:NixOS/nixpkgs/d5faa84122bc0a1fd5d378492efce4e289f8eac1?lastModified=1761236834&narHash=sha256-%2Bpthv6hrL5VLW2UqPdISGuLiUZ6SnAXdd2DdUE%2BfV2Q%3D"
    },
    "terraform": {
      "resolved": "github:NixOS/nixpkgs/dc704e6102e76aad573f63b74c742cd96f8f1e6c?narHash=sha256-O7eHcgkQXJNygY6AypkF9tFhsoDQjpNEojw3eFs73Ow%3D#terraform",
      "source": "nixpkg",
      "systems": {
        "aarch64-darwin": {
          "outputs": [
            {
              "path": "/nix/store/4pm27dwqyw4v04m566hzfyh195ccrc5i-terraform-1.13.3",
              "default": true
            }
          ]
        }
      }
    },
    "terragrunt": {
      "resolved": "github:NixOS/nixpkgs/dc704e6102e76aad573f63b74c742cd96f8f1e6c?narHash=sha256-O7eHcgkQXJNygY6AypkF9tFhsoDQjpNEojw3eFs73Ow%3D#terragrunt",
      "source": "nixpkg",
      "systems": {
        "aarch64-darwin": {
          "outputs": [
            {
              "path": "/nix/store/wp1qzx3848cggp6610znzf0k8b1d627z-terragrunt-0.88.1",
              "default": true
            }
          ]
        }
      }
    }
  }
}
